# THIS IS AN AUTOGENERATED FILE. DO NOT EDIT THIS FILE DIRECTLY.
# yarn lockfile v1


"@babel/runtime@^7.13.17":
  version "7.14.0"
  resolved "https://registry.yarnpkg.com/@babel/runtime/-/runtime-7.14.0.tgz#46794bc20b612c5f75e62dd071e24dfd95f1cbe6"
  integrity sha512-JELkvo/DlpNdJ7dlyw/eY7E0suy5i5GQH+Vlxaq1nsNJ+H7f4Vtv3jMeCEgRhZZQFXTjldYfQgv2qmM6M1v5wA==
  dependencies:
    regenerator-runtime "^0.13.4"

"@babel/runtime@^7.14.5", "@babel/runtime@^7.17.2":
  version "7.17.8"
  resolved "https://registry.yarnpkg.com/@babel/runtime/-/runtime-7.17.8.tgz#3e56e4aff81befa55ac3ac6a0967349fd1c5bca2"
  integrity sha512-dQpEpK0O9o6lj6oPu0gRDbbnk+4LeHlNcBpspf6Olzt3GIX4P1lWF1gS+pHLDFlaJvbR6q7jCfQ08zA4QJBnmA==
  dependencies:
    regenerator-runtime "^0.13.4"

"@next/env@12.2.0":
  version "12.2.0"
  resolved "https://registry.yarnpkg.com/@next/env/-/env-12.2.0.tgz#17ce2d9f5532b677829840037e06f208b7eed66b"
  integrity sha512-/FCkDpL/8SodJEXvx/DYNlOD5ijTtkozf4PPulYPtkPOJaMPpBSOkzmsta4fnrnbdH6eZjbwbiXFdr6gSQCV4w==

"@next/swc-android-arm-eabi@12.2.0":
  version "12.2.0"
  resolved "https://registry.yarnpkg.com/@next/swc-android-arm-eabi/-/swc-android-arm-eabi-12.2.0.tgz#f116756e668b267de84b76f068d267a12f18eb22"
  integrity sha512-hbneH8DNRB2x0Nf5fPCYoL8a0osvdTCe4pvOc9Rv5CpDsoOlf8BWBs2OWpeP0U2BktGvIsuUhmISmdYYGyrvTw==

"@next/swc-android-arm64@12.2.0":
  version "12.2.0"
  resolved "https://registry.yarnpkg.com/@next/swc-android-arm64/-/swc-android-arm64-12.2.0.tgz#cbd9e329cef386271d4e746c08416b5d69342c24"
  integrity sha512-1eEk91JHjczcJomxJ8X0XaUeNcp5Lx1U2Ic7j15ouJ83oRX+3GIslOuabW2oPkSgXbHkThMClhirKpvG98kwZg==

"@next/swc-darwin-arm64@12.2.0":
  version "12.2.0"
  resolved "https://registry.yarnpkg.com/@next/swc-darwin-arm64/-/swc-darwin-arm64-12.2.0.tgz#3473889157ba70b30ccdd4f59c46232d841744e2"
  integrity sha512-x5U5gJd7ZvrEtTFnBld9O2bUlX8opu7mIQUqRzj7KeWzBwPhrIzTTsQXAiNqsaMuaRPvyHBVW/5d/6g6+89Y8g==

"@next/swc-darwin-x64@12.2.0":
  version "12.2.0"
  resolved "https://registry.yarnpkg.com/@next/swc-darwin-x64/-/swc-darwin-x64-12.2.0.tgz#b25198c3ef4c906000af49e4787a757965f760bb"
  integrity sha512-iwMNFsrAPjfedjKDv9AXPAV16PWIomP3qw/FfPaxkDVRbUls7BNdofBLzkQmqxqWh93WrawLwaqyXpJuAaiwJA==

"@next/swc-freebsd-x64@12.2.0":
  version "12.2.0"
  resolved "https://registry.yarnpkg.com/@next/swc-freebsd-x64/-/swc-freebsd-x64-12.2.0.tgz#78e2213f8b703be0fef23a49507779b4a9842929"
  integrity sha512-gRiAw8g3Akf6niTDLEm1Emfa7jXDjvaAj/crDO8hKASKA4Y1fS4kbi/tyWw5VtoFI4mUzRmCPmZ8eL0tBSG58A==

"@next/swc-linux-arm-gnueabihf@12.2.0":
  version "12.2.0"
  resolved "https://registry.yarnpkg.com/@next/swc-linux-arm-gnueabihf/-/swc-linux-arm-gnueabihf-12.2.0.tgz#80a4baf0ba699357e7420e2dea998908dcef5055"
  integrity sha512-/TJZkxaIpeEwnXh6A40trgwd40C5+LJroLUOEQwMOJdavLl62PjCA6dGl1pgooWLCIb5YdBQ0EG4ylzvLwS2+Q==

"@next/swc-linux-arm64-gnu@12.2.0":
  version "12.2.0"
  resolved "https://registry.yarnpkg.com/@next/swc-linux-arm64-gnu/-/swc-linux-arm64-gnu-12.2.0.tgz#134a42ddea804d6bf04761607f774432c3126de6"
  integrity sha512-++WAB4ElXCSOKG9H8r4ENF8EaV+w0QkrpjehmryFkQXmt5juVXz+nKDVlCRMwJU7A1O0Mie82XyEoOrf6Np1pA==

"@next/swc-linux-arm64-musl@12.2.0":
  version "12.2.0"
  resolved "https://registry.yarnpkg.com/@next/swc-linux-arm64-musl/-/swc-linux-arm64-musl-12.2.0.tgz#c781ac642ad35e0578d8a8d19c638b0f31c1a334"
  integrity sha512-XrqkHi/VglEn5zs2CYK6ofJGQySrd+Lr4YdmfJ7IhsCnMKkQY1ma9Hv5THwhZVof3e+6oFHrQ9bWrw9K4WTjFA==

"@next/swc-linux-x64-gnu@12.2.0":
  version "12.2.0"
  resolved "https://registry.yarnpkg.com/@next/swc-linux-x64-gnu/-/swc-linux-x64-gnu-12.2.0.tgz#0e2235a59429eadd40ac8880aec18acdbc172a31"
  integrity sha512-MyhHbAKVjpn065WzRbqpLu2krj4kHLi6RITQdD1ee+uxq9r2yg5Qe02l24NxKW+1/lkmpusl4Y5Lks7rBiJn4w==

"@next/swc-linux-x64-musl@12.2.0":
  version "12.2.0"
  resolved "https://registry.yarnpkg.com/@next/swc-linux-x64-musl/-/swc-linux-x64-musl-12.2.0.tgz#b0a10db0d9e16f079429588a58f71fa3c3d46178"
  integrity sha512-Tz1tJZ5egE0S/UqCd5V6ZPJsdSzv/8aa7FkwFmIJ9neLS8/00za+OY5pq470iZQbPrkTwpKzmfTTIPRVD5iqDg==

"@next/swc-win32-arm64-msvc@12.2.0":
  version "12.2.0"
  resolved "https://registry.yarnpkg.com/@next/swc-win32-arm64-msvc/-/swc-win32-arm64-msvc-12.2.0.tgz#3063f850c9db7b774c69e9be74ad59986cf6fc34"
  integrity sha512-0iRO/CPMCdCYUzuH6wXLnsfJX1ykBX4emOOvH0qIgtiZM0nVYbF8lkEyY2ph4XcsurpinS+ziWuYCXVqrOSqiw==

"@next/swc-win32-ia32-msvc@12.2.0":
  version "12.2.0"
  resolved "https://registry.yarnpkg.com/@next/swc-win32-ia32-msvc/-/swc-win32-ia32-msvc-12.2.0.tgz#001bbadf3d2cf006c4991f728d1d23e4d5c0e7cc"
  integrity sha512-8A26RJVcJHwIKm8xo/qk2ePRquJ6WCI2keV2qOW/Qm+ZXrPXHMIWPYABae/nKN243YFBNyPiHytjX37VrcpUhg==

"@next/swc-win32-x64-msvc@12.2.0":
  version "12.2.0"
  resolved "https://registry.yarnpkg.com/@next/swc-win32-x64-msvc/-/swc-win32-x64-msvc-12.2.0.tgz#9f66664f9122ca555b96a5f2fc6e2af677bf801b"
  integrity sha512-OI14ozFLThEV3ey6jE47zrzSTV/6eIMsvbwozo+XfdWqOPwQ7X00YkRx4GVMKMC0rM44oGS2gmwMKYpe4EblnA==

"@swc/helpers@0.4.2":
  version "0.4.2"
  resolved "https://registry.yarnpkg.com/@swc/helpers/-/helpers-0.4.2.tgz#ed1f6997ffbc22396665d9ba74e2a5c0a2d782f8"
  integrity sha512-556Az0VX7WR6UdoTn4htt/l3zPQ7bsQWK+HqdG4swV7beUCxo/BqmvbOpUkTIm/9ih86LIf1qsUnywNL3obGHw==
  dependencies:
    tslib "^2.4.0"

"@types/hoist-non-react-statics@^3.3.1":
  version "3.3.1"
  resolved "https://registry.yarnpkg.com/@types/hoist-non-react-statics/-/hoist-non-react-statics-3.3.1.tgz#1124aafe5118cb591977aeb1ceaaed1070eb039f"
  integrity sha512-iMIqiko6ooLrTh1joXodJK5X9xeEALT1kM5G3ZLhD3hszxBdIEd5C75U834D9mLcINgD4OyZf5uQXjkuYydWvA==
  dependencies:
    "@types/react" "*"
    hoist-non-react-statics "^3.3.0"

"@types/prop-types@*":
  version "15.7.3"
  resolved "https://registry.yarnpkg.com/@types/prop-types/-/prop-types-15.7.3.tgz#2ab0d5da2e5815f94b0b9d4b95d1e5f243ab2ca7"
  integrity sha512-KfRL3PuHmqQLOG+2tGpRO26Ctg+Cq1E01D2DMriKEATHgWLfeNDmq9e29Q9WIky0dQ3NPkd1mzYH8Lm936Z9qw==

"@types/react@*":
  version "17.0.3"
  resolved "https://registry.yarnpkg.com/@types/react/-/react-17.0.3.tgz#ba6e215368501ac3826951eef2904574c262cc79"
  integrity sha512-wYOUxIgs2HZZ0ACNiIayItyluADNbONl7kt8lkLjVK8IitMH5QMyAh75Fwhmo37r1m7L2JaFj03sIfxBVDvRAg==
  dependencies:
    "@types/prop-types" "*"
    "@types/scheduler" "*"
    csstype "^3.0.2"

"@types/scheduler@*":
  version "0.16.1"
  resolved "https://registry.yarnpkg.com/@types/scheduler/-/scheduler-0.16.1.tgz#18845205e86ff0038517aab7a18a62a6b9f71275"
  integrity sha512-EaCxbanVeyxDRTQBkdLb3Bvl/HK7PBK6UJjsSixB0iHKoWxE5uu2Q/DgtpOhPIojN0Zl1whvOd7PoHs2P0s5eA==

caniuse-lite@^1.0.30001332:
  version "1.0.30001363"
  resolved "https://registry.yarnpkg.com/caniuse-lite/-/caniuse-lite-1.0.30001363.tgz#26bec2d606924ba318235944e1193304ea7c4f15"
  integrity sha512-HpQhpzTGGPVMnCjIomjt+jvyUu8vNFo3TaDiZ/RcoTrlOq/5+tC8zHdsbgFB6MxmaY+jCpsH09aD80Bb4Ow3Sg==

core-js@^3:
  version "3.7.0"
  resolved "https://registry.yarnpkg.com/core-js/-/core-js-3.7.0.tgz#b0a761a02488577afbf97179e4681bf49568520f"
  integrity sha512-NwS7fI5M5B85EwpWuIwJN4i/fbisQUwLwiSNUWeXlkAZ0sbBjLEvLvFLf1uzAUV66PcEPt4xCGCmOZSxVf3xzA==

csstype@^3.0.2:
  version "3.0.7"
  resolved "https://registry.yarnpkg.com/csstype/-/csstype-3.0.7.tgz#2a5fb75e1015e84dd15692f71e89a1450290950b"
  integrity sha512-KxnUB0ZMlnUWCsx2Z8MUsr6qV6ja1w9ArPErJaJaF8a5SOWoHLIszeCTKGRGRgtLgYrs1E8CHkNSP1VZTTPc9g==

hoist-non-react-statics@^3.2.0, hoist-non-react-statics@^3.3.0:
  version "3.3.2"
  resolved "https://registry.yarnpkg.com/hoist-non-react-statics/-/hoist-non-react-statics-3.3.2.tgz#ece0acaf71d62c2969c2ec59feff42a4b1a85b45"
  integrity sha512-/gGivxi8JPKWNm/W0jSmzcMPpfpPLc3dY/6GxhX2hQ9iGj3aDfklV4ET7NjKpSinLpJ5vafa9iiGIEZg10SfBw==
  dependencies:
    react-is "^16.7.0"

html-parse-stringify@^3.0.1:
  version "3.0.1"
  resolved "https://registry.yarnpkg.com/html-parse-stringify/-/html-parse-stringify-3.0.1.tgz#dfc1017347ce9f77c8141a507f233040c59c55d2"
  integrity sha512-KknJ50kTInJ7qIScF3jeaFRpMpE8/lfiTdzf/twXyPBLAGrLRTmkz3AdTnKeh40X8k9L2fdYwEp/42WGXIRGcg==
  dependencies:
    void-elements "3.1.0"

i18next-fs-backend@^1.1.4:
  version "1.1.4"
  resolved "https://registry.yarnpkg.com/i18next-fs-backend/-/i18next-fs-backend-1.1.4.tgz#d0e9b9ed2fa7a0f11002d82b9fa69c3c3d6482da"
  integrity sha512-/MfAGMP0jHonV966uFf9PkWWuDjPYLIcsipnSO3NxpNtAgRUKLTwvm85fEmsF6hGeu0zbZiCQ3W74jwO6K9uXA==

i18next@^21.6.14:
  version "21.6.14"
  resolved "https://registry.yarnpkg.com/i18next/-/i18next-21.6.14.tgz#2bc199fba7f4da44b5952d7df0a3814a6e5c3943"
  integrity sha512-XL6WyD+xlwQwbieXRlXhKWoLb/rkch50/rA+vl6untHnJ+aYnkQ0YDZciTWE78PPhOpbi2gR0LTJCJpiAhA+uQ==
  dependencies:
    "@babel/runtime" "^7.17.2"

"js-tokens@^3.0.0 || ^4.0.0":
  version "4.0.0"
  resolved "https://registry.yarnpkg.com/js-tokens/-/js-tokens-4.0.0.tgz#19203fb59991df98e3a287050d4647cdeaf32499"
  integrity sha512-RdJUflcE3cUzKiMqQgsCu06FPu9UdIJO0beYbPhHN4k6apgJtifcoCtT9bcxOpYBtpD2kCM6Sbzg4CausW/PKQ==

loose-envify@^1.4.0:
  version "1.4.0"
  resolved "https://registry.yarnpkg.com/loose-envify/-/loose-envify-1.4.0.tgz#71ee51fa7be4caec1a63839f7e682d8132d30caf"
  integrity sha512-lyuxPGr/Wfhrlem2CL/UcnUc1zcqKAImBDzukY7Y5F/yQiNdko6+fRLevlw1HgMySw7f611UIY408EtxRSoK3Q==
  dependencies:
    js-tokens "^3.0.0 || ^4.0.0"

nanoid@^3.1.30:
  version "3.3.4"
  resolved "https://registry.yarnpkg.com/nanoid/-/nanoid-3.3.4.tgz#730b67e3cd09e2deacf03c027c81c9d9dbc5e8ab"
  integrity sha512-MqBkQh/OHTS2egovRtLk45wEyNXwF+cokD+1YPf9u5VfJiRdAiRwB2froX5Co9Rh20xs4siNPm8naNotSD6RBw==

"next-i18next@link:../..":
  version "11.0.0"
  dependencies:
    "@babel/runtime" "^7.13.17"
    "@types/hoist-non-react-statics" "^3.3.1"
    core-js "^3"
    hoist-non-react-statics "^3.2.0"
    i18next "^21.6.14"
    i18next-fs-backend "^1.1.4"
    react-i18next "^11.16.2"

next@12.2.0:
  version "12.2.0"
  resolved "https://registry.yarnpkg.com/next/-/next-12.2.0.tgz#aef47cd96b602bc1307d1dcf9a1ee3e753845544"
  integrity sha512-B4j7D3SHYopLYx6/Ark0fenwIar9tEaZZFAaxmKjgcMMexhVJzB3jt7X+6wcdXPPMeUD6r09weUtnDpjox/vIA==
  dependencies:
    "@next/env" "12.2.0"
    "@swc/helpers" "0.4.2"
    caniuse-lite "^1.0.30001332"
    postcss "8.4.5"
    styled-jsx "5.0.2"
    use-sync-external-store "1.1.0"
  optionalDependencies:
    "@next/swc-android-arm-eabi" "12.2.0"
    "@next/swc-android-arm64" "12.2.0"
    "@next/swc-darwin-arm64" "12.2.0"
    "@next/swc-darwin-x64" "12.2.0"
    "@next/swc-freebsd-x64" "12.2.0"
    "@next/swc-linux-arm-gnueabihf" "12.2.0"
    "@next/swc-linux-arm64-gnu" "12.2.0"
    "@next/swc-linux-arm64-musl" "12.2.0"
    "@next/swc-linux-x64-gnu" "12.2.0"
    "@next/swc-linux-x64-musl" "12.2.0"
    "@next/swc-win32-arm64-msvc" "12.2.0"
    "@next/swc-win32-ia32-msvc" "12.2.0"
    "@next/swc-win32-x64-msvc" "12.2.0"

object-assign@^4.1.1:
  version "4.1.1"
  resolved "https://registry.yarnpkg.com/object-assign/-/object-assign-4.1.1.tgz#2109adc7965887cfc05cbbd442cac8bfbb360863"
  integrity sha1-IQmtx5ZYh8/AXLvUQsrIv7s2CGM=

picocolors@^1.0.0:
  version "1.0.0"
  resolved "https://registry.yarnpkg.com/picocolors/-/picocolors-1.0.0.tgz#cb5bdc74ff3f51892236eaf79d68bc44564ab81c"
  integrity sha512-1fygroTLlHu66zi26VoTDv8yRgm0Fccecssto+MhsZ0D/DGW2sm8E8AjW7NU5VVTRt5GxbeZ5qBuJr+HyLYkjQ==

postcss@8.4.5:
  version "8.4.5"
  resolved "https://registry.yarnpkg.com/postcss/-/postcss-8.4.5.tgz#bae665764dfd4c6fcc24dc0fdf7e7aa00cc77f95"
  integrity sha512-jBDboWM8qpaqwkMwItqTQTiFikhs/67OYVvblFFTM7MrZjt6yMKd6r2kgXizEbTTljacm4NldIlZnhbjr84QYg==
  dependencies:
    nanoid "^3.1.30"
    picocolors "^1.0.0"
    source-map-js "^1.0.1"

prop-types@^15.8.1:
  version "15.8.1"
  resolved "https://registry.yarnpkg.com/prop-types/-/prop-types-15.8.1.tgz#67d87bf1a694f48435cf332c24af10214a3140b5"
  integrity sha512-oj87CgZICdulUohogVAR7AjlC0327U4el4L6eAvOqCeudMDVU0NThNaV+b9Df4dXgSP1gXMTnPdhfe/2qDH5cg==
  dependencies:
    loose-envify "^1.4.0"
    object-assign "^4.1.1"
    react-is "^16.13.1"

react-i18next@^11.16.2:
  version "11.18.0"
  resolved "https://registry.yarnpkg.com/react-i18next/-/react-i18next-11.18.0.tgz#38ec26e07f030f7f0109b3665759954dad2cc7f9"
  integrity sha512-coJujU20xJ5Wa5rHjTyB5LFKZb1yfXo2A+40RRSyAF0FlZRHyy+3C1Mr92x1JPfS7W7v2TWNn8mRhpDFGJwXVg==
  dependencies:
    "@babel/runtime" "^7.14.5"
    html-parse-stringify "^3.0.1"

react-is@^16.13.1, react-is@^16.7.0:
  version "16.13.1"
  resolved "https://registry.yarnpkg.com/react-is/-/react-is-16.13.1.tgz#789729a4dc36de2999dc156dd6c1d9c18cea56a4"
  integrity sha512-24e6ynE2H+OKt4kqsOvNd8kBpV65zoxbA4BVsEOB3ARVWQki/DHzaUoC5KuON/BiccDaCCTZBuOcfZs70kR8bQ==

regenerator-runtime@^0.13.4:
  version "0.13.7"
  resolved "https://registry.yarnpkg.com/regenerator-runtime/-/regenerator-runtime-0.13.7.tgz#cac2dacc8a1ea675feaabaeb8ae833898ae46f55"
  integrity sha512-a54FxoJDIr27pgf7IgeQGxmqUNYrcV338lf/6gH456HZ/PhX+5BcwHXG9ajESmwe6WRO0tAzRUrRmNONWgkrew==

source-map-js@^1.0.1:
  version "1.0.2"
  resolved "https://registry.yarnpkg.com/source-map-js/-/source-map-js-1.0.2.tgz#adbc361d9c62df380125e7f161f71c826f1e490c"
  integrity sha512-R0XvVJ9WusLiqTCEiGCmICCMplcCkIwwR11mOSD9CR5u+IXYdiseeEuXCVAjS54zqwkLcPNnmU4OeJ6tUrWhDw==

styled-jsx@5.0.2:
  version "5.0.2"
  resolved "https://registry.yarnpkg.com/styled-jsx/-/styled-jsx-5.0.2.tgz#ff230fd593b737e9e68b630a694d460425478729"
  integrity sha512-LqPQrbBh3egD57NBcHET4qcgshPks+yblyhPlH2GY8oaDgKs8SK4C3dBh3oSJjgzJ3G5t1SYEZGHkP+QEpX9EQ==

tslib@^2.4.0:
  version "2.4.0"
  resolved "https://registry.yarnpkg.com/tslib/-/tslib-2.4.0.tgz#7cecaa7f073ce680a05847aa77be941098f36dc3"
  integrity sha512-d6xOpEDfsi2CZVlPQzGeux8XMwLT9hssAsaPYExaQMuYskwb+x1x7J371tWlbBdWHroy99KnVB6qIkUbs5X3UQ==

use-sync-external-store@1.1.0:
  version "1.1.0"
  resolved "https://registry.yarnpkg.com/use-sync-external-store/-/use-sync-external-store-1.1.0.tgz#3343c3fe7f7e404db70f8c687adf5c1652d34e82"
  integrity sha512-SEnieB2FPKEVne66NpXPd1Np4R1lTNKfjuy3XdIoPQKYBAFdzbzSZlSn1KJZUiihQLQC5Znot4SBz1EOTBwQAQ==

void-elements@3.1.0:
  version "3.1.0"
  resolved "https://registry.yarnpkg.com/void-elements/-/void-elements-3.1.0.tgz#614f7fbf8d801f0bb5f0661f5b2f5785750e4f09"
  integrity sha1-YU9/v42AHwu18GYfWy9XhXUOTwk=
